
Microsoft Visual Studio Solution File, Format Version 12.00
# Visual Studio Version 17
VisualStudioVersion = 17.9.34607.119
MinimumVisualStudioVersion = 10.0.40219.1
Project("{8BC9CEB8-8B4A-11D0-8D11-00A0C91BC942}") = "DroneFlight", "DroneFlight.vcxproj", "{89314FE3-19DE-416B-9D96-CD9A330426A5}"
EndProject
Global
	GlobalSection(SolutionConfigurationPlatforms) = preSolution
		Debug|x64 = Debug|x64
		Debug|x86 = Debug|x86
		Release|x64 = Release|x64
		Release|x86 = Release|x86
	EndGlobalSection
	GlobalSection(ProjectConfigurationPlatforms) = postSolution
		{89314FE3-19DE-416B-9D96-CD9A330426A5}.Debug|x64.ActiveCfg = Debug|x64
		{89314FE3-19DE-416B-9D96-CD9A330426A5}.Debug|x64.Build.0 = Debug|x64
		{89314FE3-19DE-416B-9D96-CD9A330426A5}.Debug|x86.ActiveCfg = Debug|Win32
		{89314FE3-19DE-416B-9D96-CD9A330426A5}.Debug|x86.Build.0 = Debug|Win32
		{89314FE3-19DE-416B-9D96-CD9A330426A5}.Release|x64.ActiveCfg = Release|x64
		{89314FE3-19DE-416B-9D96-CD9A330426A5}.Release|x64.Build.0 = Release|x64
		{89314FE3-19DE-416B-9D96-CD9A330426A5}.Release|x86.ActiveCfg = Release|Win32
		{89314FE3-19DE-416B-9D96-CD9A330426A5}.Release|x86.Build.0 = Release|Win32
	EndGlobalSection
	GlobalSection(SolutionProperties) = preSolution
		HideSolutionNode = FALSE
	EndGlobalSection
	GlobalSection(ExtensibilityGlobals) = postSolution
		SolutionGuid = {1F648E67-57FA-4AF3-8597-F8A6E557459A}
	EndGlobalSection
EndGlobal
